<?xml version="1.0" encoding="utf-8"?>
<Project ToolsVersion="4.0" xmlns="http://schemas.microsoft.com/developer/msbuild/2003">
  <ItemGroup>
    <Filter Include="win32">
      <UniqueIdentifier>{84a8ebd7-7cf0-47f6-b75e-d441df67da40}</UniqueIdentifier>
    </Filter>
    <Filter Include="Classes">
      <UniqueIdentifier>{bb6c862e-70e9-49d9-81b7-3829a6f50471}</UniqueIdentifier>
    </Filter>
    <Filter Include="resource">
      <UniqueIdentifier>{715254bc-d70b-4ec5-bf29-467dd3ace079}</UniqueIdentifier>
    </Filter>
    <Filter Include="Classes\Scene">
      <UniqueIdentifier>{12e4b963-3870-40c4-a2a6-9c4acc2e7ba8}</UniqueIdentifier>
    </Filter>
    <Filter Include="Classes\Tools">
      <UniqueIdentifier>{0370b375-f5f9-4a38-b274-f1eff129561e}</UniqueIdentifier>
    </Filter>
    <Filter Include="Classes\Controller">
      <UniqueIdentifier>{b8ed0e25-50a6-480c-8d92-3f8c635352a5}</UniqueIdentifier>
    </Filter>
    <Filter Include="Classes\TinyXml">
      <UniqueIdentifier>{2cd07ac1-2e40-480c-94ab-a3ff382622e1}</UniqueIdentifier>
    </Filter>
    <Filter Include="Classes\Model">
      <UniqueIdentifier>{f0911ba0-0fdc-43eb-aff7-c0412a1a4353}</UniqueIdentifier>
    </Filter>
    <Filter Include="Classes\Model\Characters">
      <UniqueIdentifier>{59f6ce79-130d-45f1-9ba6-7488f23618fd}</UniqueIdentifier>
    </Filter>
    <Filter Include="Classes\Model\Cell">
      <UniqueIdentifier>{98aa2d6c-bfc6-4220-854b-c8c3525f8374}</UniqueIdentifier>
    </Filter>
    <Filter Include="Classes\Model\Weather">
      <UniqueIdentifier>{5753ea50-eca8-40ac-97bb-ea6111b88688}</UniqueIdentifier>
    </Filter>
    <Filter Include="Classes\Model\Interface">
      <UniqueIdentifier>{038c2fea-1b21-44cd-84ff-06ffdb75bcca}</UniqueIdentifier>
    </Filter>
  </ItemGroup>
  <ItemGroup>
    <ClCompile Include="main.cpp">
      <Filter>win32</Filter>
    </ClCompile>
    <ClCompile Include="..\Classes\AppDelegate.cpp">
      <Filter>Classes</Filter>
    </ClCompile>
    <ClCompile Include="..\Classes\HelloWorldScene.cpp">
      <Filter>Classes</Filter>
    </ClCompile>
    <ClCompile Include="..\Classes\Scene\LogoScene.cpp">
      <Filter>Classes\Scene</Filter>
    </ClCompile>
    <ClCompile Include="..\Classes\Controller\MenuController.cpp">
      <Filter>Classes\Controller</Filter>
    </ClCompile>
    <ClCompile Include="..\Classes\TinyXml\tinystr.cpp">
      <Filter>Classes\TinyXml</Filter>
    </ClCompile>
    <ClCompile Include="..\Classes\TinyXml\tinyxml.cpp">
      <Filter>Classes\TinyXml</Filter>
    </ClCompile>
    <ClCompile Include="..\Classes\TinyXml\tinyxmlerror.cpp">
      <Filter>Classes\TinyXml</Filter>
    </ClCompile>
    <ClCompile Include="..\Classes\TinyXml\tinyxmlparser.cpp">
      <Filter>Classes\TinyXml</Filter>
    </ClCompile>
    <ClCompile Include="..\Classes\Scene\MenuScene.cpp">
      <Filter>Classes\Scene</Filter>
    </ClCompile>
    <ClCompile Include="..\Classes\Tools\PPoint.cpp">
      <Filter>Classes\Tools</Filter>
    </ClCompile>
    <ClCompile Include="..\Classes\Controller\ReadLevel.cpp">
      <Filter>Classes\Controller</Filter>
    </ClCompile>
    <ClCompile Include="..\Classes\Model\Cell\AngleWall.cpp">
      <Filter>Classes\Model\Cell</Filter>
    </ClCompile>
    <ClCompile Include="..\Classes\Model\Cell\Cell.cpp">
      <Filter>Classes\Model\Cell</Filter>
    </ClCompile>
    <ClCompile Include="..\Classes\Model\Cell\EndWall.cpp">
      <Filter>Classes\Model\Cell</Filter>
    </ClCompile>
    <ClCompile Include="..\Classes\Model\Cell\Flooring.cpp">
      <Filter>Classes\Model\Cell</Filter>
    </ClCompile>
    <ClCompile Include="..\Classes\Model\Cell\IntersectionWall.cpp">
      <Filter>Classes\Model\Cell</Filter>
    </ClCompile>
    <ClCompile Include="..\Classes\Model\Cell\Wall.cpp">
      <Filter>Classes\Model\Cell</Filter>
    </ClCompile>
    <ClCompile Include="..\Classes\Model\Characters\Character.cpp">
      <Filter>Classes\Model\Characters</Filter>
    </ClCompile>
    <ClCompile Include="..\Classes\Model\Characters\Boat.cpp">
      <Filter>Classes\Model\Characters</Filter>
    </ClCompile>
    <ClCompile Include="..\Classes\Tools\Scroller.cpp">
      <Filter>Classes\Tools</Filter>
    </ClCompile>
    <ClCompile Include="..\Classes\Controller\InterfaceGame.cpp">
      <Filter>Classes\Controller</Filter>
    </ClCompile>
    <ClCompile Include="..\Classes\Model\Interface\CardCharacter.cpp">
      <Filter>Classes\Model\Interface</Filter>
    </ClCompile>
    <ClCompile Include="..\Classes\Controller\MapController.cpp">
      <Filter>Classes\Controller</Filter>
    </ClCompile>
    <ClCompile Include="..\Classes\Scene\AbstractScene.cpp">
      <Filter>Classes\Scene</Filter>
    </ClCompile>
    <ClCompile Include="..\Classes\Tools\Snow.cpp">
      <Filter>Classes\Tools</Filter>
    </ClCompile>
  </ItemGroup>
  <ItemGroup>
    <ClInclude Include="main.h">
      <Filter>win32</Filter>
    </ClInclude>
    <ClInclude Include="..\Classes\AppDelegate.h">
      <Filter>Classes</Filter>
    </ClInclude>
    <ClInclude Include="..\Classes\HelloWorldScene.h">
      <Filter>Classes</Filter>
    </ClInclude>
    <ClInclude Include="..\Classes\Scene\LogoScene.h">
      <Filter>Classes\Scene</Filter>
    </ClInclude>
    <ClInclude Include="..\Classes\Controller\MenuController.h">
      <Filter>Classes\Controller</Filter>
    </ClInclude>
    <ClInclude Include="..\Classes\TinyXml\tinystr.h">
      <Filter>Classes\TinyXml</Filter>
    </ClInclude>
    <ClInclude Include="..\Classes\TinyXml\tinyxml.h">
      <Filter>Classes\TinyXml</Filter>
    </ClInclude>
    <ClInclude Include="..\Classes\Scene\MenuScene.h">
      <Filter>Classes\Scene</Filter>
    </ClInclude>
    <ClInclude Include="..\Classes\Tools\PPoint.h">
      <Filter>Classes\Tools</Filter>
    </ClInclude>
    <ClInclude Include="..\Classes\Controller\Level.h">
      <Filter>Classes\Controller</Filter>
    </ClInclude>
    <ClInclude Include="..\Classes\Controller\ReadLevel.h">
      <Filter>Classes\Controller</Filter>
    </ClInclude>
    <ClInclude Include="..\Classes\Model\Cell\AngleWall.h">
      <Filter>Classes\Model\Cell</Filter>
    </ClInclude>
    <ClInclude Include="..\Classes\Model\Cell\Cell.h">
      <Filter>Classes\Model\Cell</Filter>
    </ClInclude>
    <ClInclude Include="..\Classes\Model\Cell\EndWall.h">
      <Filter>Classes\Model\Cell</Filter>
    </ClInclude>
    <ClInclude Include="..\Classes\Model\Cell\Flooring.h">
      <Filter>Classes\Model\Cell</Filter>
    </ClInclude>
    <ClInclude Include="..\Classes\Model\Cell\IntersectionWall.h">
      <Filter>Classes\Model\Cell</Filter>
    </ClInclude>
    <ClInclude Include="..\Classes\Model\Cell\Wall.h">
      <Filter>Classes\Model\Cell</Filter>
    </ClInclude>
    <ClInclude Include="..\Classes\Model\Characters\Character.h">
      <Filter>Classes\Model\Characters</Filter>
    </ClInclude>
    <ClInclude Include="..\Classes\Model\Characters\Boat.h">
      <Filter>Classes\Model\Characters</Filter>
    </ClInclude>
    <ClInclude Include="..\Classes\Tools\Scroller.h">
      <Filter>Classes\Tools</Filter>
    </ClInclude>
    <ClInclude Include="..\Classes\Controller\InterfaceGame.h">
      <Filter>Classes\Controller</Filter>
    </ClInclude>
    <ClInclude Include="..\Classes\Model\Interface\CardCharacter.h">
      <Filter>Classes\Model\Interface</Filter>
    </ClInclude>
    <ClInclude Include="..\Classes\Controller\MapController.h">
      <Filter>Classes\Controller</Filter>
    </ClInclude>
    <ClInclude Include="..\Classes\Scene\AbstractScene.h">
      <Filter>Classes\Scene</Filter>
    </ClInclude>
    <ClInclude Include="..\Classes\Tools\Snow.h">
      <Filter>Classes\Tools</Filter>
    </ClInclude>
  </ItemGroup>
  <ItemGroup>
    <ResourceCompile Include="game.rc">
      <Filter>resource</Filter>
    </ResourceCompile>
  </ItemGroup>
</Project>